
Microsoft Visual Studio Solution File, Format Version 12.00
# Visual Studio Version 17
VisualStudioVersion = 17.0.31903.59
MinimumVisualStudioVersion = 10.0.40219.1
Project("{2150E333-8FDC-42A3-9474-1A3956D46DE8}") = "labs", "labs", "{908A2AE8-7277-8D33-5900-B70622523C2F}"
EndProject
Project("{2150E333-8FDC-42A3-9474-1A3956D46DE8}") = "00-preflight", "00-preflight", "{A693CF30-B816-7A41-6401-26154CFA1E9F}"
EndProject
Project("{2150E333-8FDC-42A3-9474-1A3956D46DE8}") = "starter", "starter", "{BD45422F-1A01-55A2-E451-A325A6F1B797}"
EndProject
Project("{FAE04EC0-301F-11D3-BF4B-00C04F79EFBC}") = "Preflight", "labs\00-preflight\starter\Preflight\Preflight.csproj", "{B1E5AD85-DAC6-4BF7-A3D3-1541A1509648}"
EndProject
Project("{FAE04EC0-301F-11D3-BF4B-00C04F79EFBC}") = "Preflight.Tests", "labs\00-preflight\starter\Preflight.Tests\Preflight.Tests.csproj", "{A67A8712-5859-4BD2-B769-D49DEB34F544}"
EndProject
Project("{2150E333-8FDC-42A3-9474-1A3956D46DE8}") = "02-scoped-csharp-instructions", "02-scoped-csharp-instructions", "{4A29EB56-4240-CE7A-6BC5-B791D5E3FCB8}"
EndProject
Project("{2150E333-8FDC-42A3-9474-1A3956D46DE8}") = "starter", "starter", "{FEA2D920-4400-4E70-4F6B-7C765E2B5B8F}"
EndProject
Project("{FAE04EC0-301F-11D3-BF4B-00C04F79EFBC}") = "ScopedInstructionsDemo", "labs\02-scoped-csharp-instructions\starter\ScopedInstructionsDemo\ScopedInstructionsDemo.csproj", "{A6A8B81A-5B20-4D0D-9737-D83DEADB6383}"
EndProject
Project("{2150E333-8FDC-42A3-9474-1A3956D46DE8}") = "lab-refactor", "lab-refactor", "{368CCB80-2D43-F6E1-0C88-0BC3284ABAAB}"
EndProject
Project("{FAE04EC0-301F-11D3-BF4B-00C04F79EFBC}") = "WordFrequencyRefactor", "labs\06-refactor-review\starter\WordFrequencyRefactor\WordFrequencyRefactor.csproj", "{FBBBF6BA-57AD-48DA-9315-6250ACDE331E}"
EndProject
Project("{FAE04EC0-301F-11D3-BF4B-00C04F79EFBC}") = "WordFrequencyRefactor.Tests", "labs\06-refactor-review\starter\WordFrequencyRefactor.Tests\WordFrequencyRefactor.Tests.csproj", "{D197B4F7-5D3C-44C8-BD9B-04CEFCED13AA}"
EndProject
Project("{2150E333-8FDC-42A3-9474-1A3956D46DE8}") = "src", "src", "{827E0CD3-B72D-47B6-A68D-7590B98EB39B}"
EndProject
Project("{FAE04EC0-301F-11D3-BF4B-00C04F79EFBC}") = "WordFrequency", "src\WordFrequency\WordFrequency.csproj", "{8FD3C2FE-2F69-413B-B128-A2BB41EF5ED2}"
EndProject
Project("{2150E333-8FDC-42A3-9474-1A3956D46DE8}") = "tests", "tests", "{0AB3BF05-4346-4AA6-1389-037BE0695223}"
EndProject
Project("{FAE04EC0-301F-11D3-BF4B-00C04F79EFBC}") = "WordFrequency.Tests", "tests\WordFrequency.Tests\WordFrequency.Tests.csproj", "{64CCEFB4-D87B-4EC1-B521-D09A60BCE3F0}"
EndProject
Global
	GlobalSection(SolutionConfigurationPlatforms) = preSolution
		Debug|Any CPU = Debug|Any CPU
		Debug|x64 = Debug|x64
		Debug|x86 = Debug|x86
		Release|Any CPU = Release|Any CPU
		Release|x64 = Release|x64
		Release|x86 = Release|x86
	EndGlobalSection
	GlobalSection(ProjectConfigurationPlatforms) = postSolution
		{B1E5AD85-DAC6-4BF7-A3D3-1541A1509648}.Debug|Any CPU.ActiveCfg = Debug|Any CPU
		{B1E5AD85-DAC6-4BF7-A3D3-1541A1509648}.Debug|Any CPU.Build.0 = Debug|Any CPU
		{B1E5AD85-DAC6-4BF7-A3D3-1541A1509648}.Debug|x64.ActiveCfg = Debug|Any CPU
		{B1E5AD85-DAC6-4BF7-A3D3-1541A1509648}.Debug|x64.Build.0 = Debug|Any CPU
		{B1E5AD85-DAC6-4BF7-A3D3-1541A1509648}.Debug|x86.ActiveCfg = Debug|Any CPU
		{B1E5AD85-DAC6-4BF7-A3D3-1541A1509648}.Debug|x86.Build.0 = Debug|Any CPU
		{B1E5AD85-DAC6-4BF7-A3D3-1541A1509648}.Release|Any CPU.ActiveCfg = Release|Any CPU
		{B1E5AD85-DAC6-4BF7-A3D3-1541A1509648}.Release|Any CPU.Build.0 = Release|Any CPU
		{B1E5AD85-DAC6-4BF7-A3D3-1541A1509648}.Release|x64.ActiveCfg = Release|Any CPU
		{B1E5AD85-DAC6-4BF7-A3D3-1541A1509648}.Release|x64.Build.0 = Release|Any CPU
		{B1E5AD85-DAC6-4BF7-A3D3-1541A1509648}.Release|x86.ActiveCfg = Release|Any CPU
		{B1E5AD85-DAC6-4BF7-A3D3-1541A1509648}.Release|x86.Build.0 = Release|Any CPU
		{A67A8712-5859-4BD2-B769-D49DEB34F544}.Debug|Any CPU.ActiveCfg = Debug|Any CPU
		{A67A8712-5859-4BD2-B769-D49DEB34F544}.Debug|Any CPU.Build.0 = Debug|Any CPU
		{A67A8712-5859-4BD2-B769-D49DEB34F544}.Debug|x64.ActiveCfg = Debug|Any CPU
		{A67A8712-5859-4BD2-B769-D49DEB34F544}.Debug|x64.Build.0 = Debug|Any CPU
		{A67A8712-5859-4BD2-B769-D49DEB34F544}.Debug|x86.ActiveCfg = Debug|Any CPU
		{A67A8712-5859-4BD2-B769-D49DEB34F544}.Debug|x86.Build.0 = Debug|Any CPU
		{A67A8712-5859-4BD2-B769-D49DEB34F544}.Release|Any CPU.ActiveCfg = Release|Any CPU
		{A67A8712-5859-4BD2-B769-D49DEB34F544}.Release|Any CPU.Build.0 = Release|Any CPU
		{A67A8712-5859-4BD2-B769-D49DEB34F544}.Release|x64.ActiveCfg = Release|Any CPU
		{A67A8712-5859-4BD2-B769-D49DEB34F544}.Release|x64.Build.0 = Release|Any CPU
		{A67A8712-5859-4BD2-B769-D49DEB34F544}.Release|x86.ActiveCfg = Release|Any CPU
		{A67A8712-5859-4BD2-B769-D49DEB34F544}.Release|x86.Build.0 = Release|Any CPU
		{A6A8B81A-5B20-4D0D-9737-D83DEADB6383}.Debug|Any CPU.ActiveCfg = Debug|Any CPU
		{A6A8B81A-5B20-4D0D-9737-D83DEADB6383}.Debug|Any CPU.Build.0 = Debug|Any CPU
		{A6A8B81A-5B20-4D0D-9737-D83DEADB6383}.Debug|x64.ActiveCfg = Debug|Any CPU
		{A6A8B81A-5B20-4D0D-9737-D83DEADB6383}.Debug|x64.Build.0 = Debug|Any CPU
		{A6A8B81A-5B20-4D0D-9737-D83DEADB6383}.Debug|x86.ActiveCfg = Debug|Any CPU
		{A6A8B81A-5B20-4D0D-9737-D83DEADB6383}.Debug|x86.Build.0 = Debug|Any CPU
		{A6A8B81A-5B20-4D0D-9737-D83DEADB6383}.Release|Any CPU.ActiveCfg = Release|Any CPU
		{A6A8B81A-5B20-4D0D-9737-D83DEADB6383}.Release|Any CPU.Build.0 = Release|Any CPU
		{A6A8B81A-5B20-4D0D-9737-D83DEADB6383}.Release|x64.ActiveCfg = Release|Any CPU
		{A6A8B81A-5B20-4D0D-9737-D83DEADB6383}.Release|x64.Build.0 = Release|Any CPU
		{A6A8B81A-5B20-4D0D-9737-D83DEADB6383}.Release|x86.ActiveCfg = Release|Any CPU
		{A6A8B81A-5B20-4D0D-9737-D83DEADB6383}.Release|x86.Build.0 = Release|Any CPU
		{FBBBF6BA-57AD-48DA-9315-6250ACDE331E}.Debug|Any CPU.ActiveCfg = Debug|Any CPU
		{FBBBF6BA-57AD-48DA-9315-6250ACDE331E}.Debug|Any CPU.Build.0 = Debug|Any CPU
		{FBBBF6BA-57AD-48DA-9315-6250ACDE331E}.Debug|x64.ActiveCfg = Debug|Any CPU
		{FBBBF6BA-57AD-48DA-9315-6250ACDE331E}.Debug|x64.Build.0 = Debug|Any CPU
		{FBBBF6BA-57AD-48DA-9315-6250ACDE331E}.Debug|x86.ActiveCfg = Debug|Any CPU
		{FBBBF6BA-57AD-48DA-9315-6250ACDE331E}.Debug|x86.Build.0 = Debug|Any CPU
		{FBBBF6BA-57AD-48DA-9315-6250ACDE331E}.Release|Any CPU.ActiveCfg = Release|Any CPU
		{FBBBF6BA-57AD-48DA-9315-6250ACDE331E}.Release|Any CPU.Build.0 = Release|Any CPU
		{FBBBF6BA-57AD-48DA-9315-6250ACDE331E}.Release|x64.ActiveCfg = Release|Any CPU
		{FBBBF6BA-57AD-48DA-9315-6250ACDE331E}.Release|x64.Build.0 = Release|Any CPU
		{FBBBF6BA-57AD-48DA-9315-6250ACDE331E}.Release|x86.ActiveCfg = Release|Any CPU
		{FBBBF6BA-57AD-48DA-9315-6250ACDE331E}.Release|x86.Build.0 = Release|Any CPU
		{D197B4F7-5D3C-44C8-BD9B-04CEFCED13AA}.Debug|Any CPU.ActiveCfg = Debug|Any CPU
		{D197B4F7-5D3C-44C8-BD9B-04CEFCED13AA}.Debug|Any CPU.Build.0 = Debug|Any CPU
		{D197B4F7-5D3C-44C8-BD9B-04CEFCED13AA}.Debug|x64.ActiveCfg = Debug|Any CPU
		{D197B4F7-5D3C-44C8-BD9B-04CEFCED13AA}.Debug|x64.Build.0 = Debug|Any CPU
		{D197B4F7-5D3C-44C8-BD9B-04CEFCED13AA}.Debug|x86.ActiveCfg = Debug|Any CPU
		{D197B4F7-5D3C-44C8-BD9B-04CEFCED13AA}.Debug|x86.Build.0 = Debug|Any CPU
		{D197B4F7-5D3C-44C8-BD9B-04CEFCED13AA}.Release|Any CPU.ActiveCfg = Release|Any CPU
		{D197B4F7-5D3C-44C8-BD9B-04CEFCED13AA}.Release|Any CPU.Build.0 = Release|Any CPU
		{D197B4F7-5D3C-44C8-BD9B-04CEFCED13AA}.Release|x64.ActiveCfg = Release|Any CPU
		{D197B4F7-5D3C-44C8-BD9B-04CEFCED13AA}.Release|x64.Build.0 = Release|Any CPU
		{D197B4F7-5D3C-44C8-BD9B-04CEFCED13AA}.Release|x86.ActiveCfg = Release|Any CPU
		{D197B4F7-5D3C-44C8-BD9B-04CEFCED13AA}.Release|x86.Build.0 = Release|Any CPU
		{8FD3C2FE-2F69-413B-B128-A2BB41EF5ED2}.Debug|Any CPU.ActiveCfg = Debug|Any CPU
		{8FD3C2FE-2F69-413B-B128-A2BB41EF5ED2}.Debug|Any CPU.Build.0 = Debug|Any CPU
		{8FD3C2FE-2F69-413B-B128-A2BB41EF5ED2}.Debug|x64.ActiveCfg = Debug|Any CPU
		{8FD3C2FE-2F69-413B-B128-A2BB41EF5ED2}.Debug|x64.Build.0 = Debug|Any CPU
		{8FD3C2FE-2F69-413B-B128-A2BB41EF5ED2}.Debug|x86.ActiveCfg = Debug|Any CPU
		{8FD3C2FE-2F69-413B-B128-A2BB41EF5ED2}.Debug|x86.Build.0 = Debug|Any CPU
		{8FD3C2FE-2F69-413B-B128-A2BB41EF5ED2}.Release|Any CPU.ActiveCfg = Release|Any CPU
		{8FD3C2FE-2F69-413B-B128-A2BB41EF5ED2}.Release|Any CPU.Build.0 = Release|Any CPU
		{8FD3C2FE-2F69-413B-B128-A2BB41EF5ED2}.Release|x64.ActiveCfg = Release|Any CPU
		{8FD3C2FE-2F69-413B-B128-A2BB41EF5ED2}.Release|x64.Build.0 = Release|Any CPU
		{8FD3C2FE-2F69-413B-B128-A2BB41EF5ED2}.Release|x86.ActiveCfg = Release|Any CPU
		{8FD3C2FE-2F69-413B-B128-A2BB41EF5ED2}.Release|x86.Build.0 = Release|Any CPU
		{64CCEFB4-D87B-4EC1-B521-D09A60BCE3F0}.Debug|Any CPU.ActiveCfg = Debug|Any CPU
		{64CCEFB4-D87B-4EC1-B521-D09A60BCE3F0}.Debug|Any CPU.Build.0 = Debug|Any CPU
		{64CCEFB4-D87B-4EC1-B521-D09A60BCE3F0}.Debug|x64.ActiveCfg = Debug|Any CPU
		{64CCEFB4-D87B-4EC1-B521-D09A60BCE3F0}.Debug|x64.Build.0 = Debug|Any CPU
		{64CCEFB4-D87B-4EC1-B521-D09A60BCE3F0}.Debug|x86.ActiveCfg = Debug|Any CPU
		{64CCEFB4-D87B-4EC1-B521-D09A60BCE3F0}.Debug|x86.Build.0 = Debug|Any CPU
		{64CCEFB4-D87B-4EC1-B521-D09A60BCE3F0}.Release|Any CPU.ActiveCfg = Release|Any CPU
		{64CCEFB4-D87B-4EC1-B521-D09A60BCE3F0}.Release|Any CPU.Build.0 = Release|Any CPU
		{64CCEFB4-D87B-4EC1-B521-D09A60BCE3F0}.Release|x64.ActiveCfg = Release|Any CPU
		{64CCEFB4-D87B-4EC1-B521-D09A60BCE3F0}.Release|x64.Build.0 = Release|Any CPU
		{64CCEFB4-D87B-4EC1-B521-D09A60BCE3F0}.Release|x86.ActiveCfg = Release|Any CPU
		{64CCEFB4-D87B-4EC1-B521-D09A60BCE3F0}.Release|x86.Build.0 = Release|Any CPU
	EndGlobalSection
	GlobalSection(SolutionProperties) = preSolution
		HideSolutionNode = FALSE
	EndGlobalSection
	GlobalSection(NestedProjects) = preSolution
		{A693CF30-B816-7A41-6401-26154CFA1E9F} = {908A2AE8-7277-8D33-5900-B70622523C2F}
		{BD45422F-1A01-55A2-E451-A325A6F1B797} = {A693CF30-B816-7A41-6401-26154CFA1E9F}
		{B1E5AD85-DAC6-4BF7-A3D3-1541A1509648} = {BD45422F-1A01-55A2-E451-A325A6F1B797}
		{A67A8712-5859-4BD2-B769-D49DEB34F544} = {BD45422F-1A01-55A2-E451-A325A6F1B797}
		{4A29EB56-4240-CE7A-6BC5-B791D5E3FCB8} = {908A2AE8-7277-8D33-5900-B70622523C2F}
		{FEA2D920-4400-4E70-4F6B-7C765E2B5B8F} = {4A29EB56-4240-CE7A-6BC5-B791D5E3FCB8}
		{A6A8B81A-5B20-4D0D-9737-D83DEADB6383} = {FEA2D920-4400-4E70-4F6B-7C765E2B5B8F}
		{FBBBF6BA-57AD-48DA-9315-6250ACDE331E} = {368CCB80-2D43-F6E1-0C88-0BC3284ABAAB}
		{D197B4F7-5D3C-44C8-BD9B-04CEFCED13AA} = {368CCB80-2D43-F6E1-0C88-0BC3284ABAAB}
		{8FD3C2FE-2F69-413B-B128-A2BB41EF5ED2} = {827E0CD3-B72D-47B6-A68D-7590B98EB39B}
		{64CCEFB4-D87B-4EC1-B521-D09A60BCE3F0} = {0AB3BF05-4346-4AA6-1389-037BE0695223}
	EndGlobalSection
EndGlobal
